
Microsoft Visual Studio Solution File, Format Version 12.00
Project("{FAE04EC0-301F-11D3-BF4B-00C04F79EFBC}") = "ArrayLibrary", "ArrayLibrary\ArrayLibrary.csproj", "{B1178509-A31E-435A-AA95-B6F566D0D0D2}"
EndProject
Global
	GlobalSection(SolutionConfigurationPlatforms) = preSolution
		Debug|Any CPU = Debug|Any CPU
		Release|Any CPU = Release|Any CPU
	EndGlobalSection
	GlobalSection(ProjectConfigurationPlatforms) = postSolution
		{B1178509-A31E-435A-AA95-B6F566D0D0D2}.Debug|Any CPU.ActiveCfg = Debug|Any CPU
		{B1178509-A31E-435A-AA95-B6F566D0D0D2}.Debug|Any CPU.Build.0 = Debug|Any CPU
		{B1178509-A31E-435A-AA95-B6F566D0D0D2}.Release|Any CPU.ActiveCfg = Release|Any CPU
		{B1178509-A31E-435A-AA95-B6F566D0D0D2}.Release|Any CPU.Build.0 = Release|Any CPU
	EndGlobalSection
EndGlobal
